// !$*UTF8*$!
{
	archiveVersion = 1;
	classes = {
	};
	objectVersion = 50;
	objects = {

/* Begin PBXBuildFile section */
		AE100851218EBCCD000EE464 /* AppDelegate.swift in Sources */ = {isa = PBXBuildFile; fileRef = AE100850218EBCCD000EE464 /* AppDelegate.swift */; };
		AE100853218EBCCD000EE464 /* ViewController.swift in Sources */ = {isa = PBXBuildFile; fileRef = AE100852218EBCCD000EE464 /* ViewController.swift */; };
		AE100856218EBCCD000EE464 /* Main.storyboard in Resources */ = {isa = PBXBuildFile; fileRef = AE100854218EBCCD000EE464 /* Main.storyboard */; };
		AE100858218EBCCF000EE464 /* Assets.xcassets in Resources */ = {isa = PBXBuildFile; fileRef = AE100857218EBCCF000EE464 /* Assets.xcassets */; };
		AE10085B218EBCCF000EE464 /* LaunchScreen.storyboard in Resources */ = {isa = PBXBuildFile; fileRef = AE100859218EBCCF000EE464 /* LaunchScreen.storyboard */; };
		AE100863218EBE99000EE464 /* TagCollectionViewCell.swift in Sources */ = {isa = PBXBuildFile; fileRef = AE100862218EBE99000EE464 /* TagCollectionViewCell.swift */; };
		AE100865218EC2FA000EE464 /* TagCollectionViewFlowLayout.swift in Sources */ = {isa = PBXBuildFile; fileRef = AE100864218EC2FA000EE464 /* TagCollectionViewFlowLayout.swift */; };
		AE100867218ECBD9000EE464 /* TagCollectionViewCell.xib in Resources */ = {isa = PBXBuildFile; fileRef = AE100866218ECBD9000EE464 /* TagCollectionViewCell.xib */; };
		AE10086B218ED6B6000EE464 /* Tag.swift in Sources */ = {isa = PBXBuildFile; fileRef = AE10086A218ED6B6000EE464 /* Tag.swift */; };
		AE78DC33218F048A005C2DB1 /* Declaration.swift in Sources */ = {isa = PBXBuildFile; fileRef = AE78DC32218F048A005C2DB1 /* Declaration.swift */; };
/* End PBXBuildFile section */

/* Begin PBXFileReference section */
		AE10084D218EBCCD000EE464 /* TagStyleCollectionViewDemo.app */ = {isa = PBXFileReference; explicitFileType = wrapper.application; includeInIndex = 0; path = TagStyleCollectionViewDemo.app; sourceTree = BUILT_PRODUCTS_DIR; };
		AE100850218EBCCD000EE464 /* AppDelegate.swift */ = {isa = PBXFileReference; lastKnownFileType = sourcecode.swift; path = AppDelegate.swift; sourceTree = "<group>"; };
		AE100852218EBCCD000EE464 /* ViewController.swift */ = {isa = PBXFileReference; lastKnownFileType = sourcecode.swift; path = ViewController.swift; sourceTree = "<group>"; };
		AE100855218EBCCD000EE464 /* Base */ = {isa = PBXFileReference; lastKnownFileType = file.storyboard; name = Base; path = Base.lproj/Main.storyboard; sourceTree = "<group>"; };
		AE100857218EBCCF000EE464 /* Assets.xcassets */ = {isa = PBXFileReference; lastKnownFileType = folder.assetcatalog; path = Assets.xcassets; sourceTree = "<group>"; };
		AE10085A218EBCCF000EE464 /* Base */ = {isa = PBXFileReference; lastKnownFileType = file.storyboard; name = Base; path = Base.lproj/LaunchScreen.storyboard; sourceTree = "<group>"; };
		AE10085C218EBCCF000EE464 /* Info.plist */ = {isa = PBXFileReference; lastKnownFileType = text.plist.xml; path = Info.plist; sourceTree = "<group>"; };
		AE100862218EBE99000EE464 /* TagCollectionViewCell.swift */ = {isa = PBXFileReference; lastKnownFileType = sourcecode.swift; path = TagCollectionViewCell.swift; sourceTree = "<group>"; };
		AE100864218EC2FA000EE464 /* TagCollectionViewFlowLayout.swift */ = {isa = PBXFileReference; lastKnownFileType = sourcecode.swift; path = TagCollectionViewFlowLayout.swift; sourceTree = "<group>"; };
		AE100866218ECBD9000EE464 /* TagCollectionViewCell.xib */ = {isa = PBXFileReference; lastKnownFileType = file.xib; path = TagCollectionViewCell.xib; sourceTree = "<group>"; };
		AE10086A218ED6B6000EE464 /* Tag.swift */ = {isa = PBXFileReference; lastKnownFileType = sourcecode.swift; path = Tag.swift; sourceTree = "<group>"; };
		AE78DC32218F048A005C2DB1 /* Declaration.swift */ = {isa = PBXFileReference; lastKnownFileType = sourcecode.swift; path = Declaration.swift; sourceTree = "<group>"; };
/* End PBXFileReference section */

/* Begin PBXFrameworksBuildPhase section */
		AE10084A218EBCCD000EE464 /* Frameworks */ = {
			isa = PBXFrameworksBuildPhase;
			buildActionMask = 2147483647;
			files = (
			);
			runOnlyForDeploymentPostprocessing = 0;
		};
/* End PBXFrameworksBuildPhase section */

/* Begin PBXGroup section */
		AE100844218EBCCD000EE464 = {
			isa = PBXGroup;
			children = (
				AE10084F218EBCCD000EE464 /* TagStyleCollectionViewDemo */,
				AE10084E218EBCCD000EE464 /* Products */,
			);
			sourceTree = "<group>";
		};
		AE10084E218EBCCD000EE464 /* Products */ = {
			isa = PBXGroup;
			children = (
				AE10084D218EBCCD000EE464 /* TagStyleCollectionViewDemo.app */,
			);
			name = Products;
			sourceTree = "<group>";
		};
		AE10084F218EBCCD000EE464 /* TagStyleCollectionViewDemo */ = {
			isa = PBXGroup;
			children = (
				AE78DC31218F0412005C2DB1 /* Example */,
				AE78DC30218F03ED005C2DB1 /* Source */,
				AE100850218EBCCD000EE464 /* AppDelegate.swift */,
				AE100859218EBCCF000EE464 /* LaunchScreen.storyboard */,
				AE10085C218EBCCF000EE464 /* Info.plist */,
				AE100857218EBCCF000EE464 /* Assets.xcassets */,
			);
			path = TagStyleCollectionViewDemo;
			sourceTree = "<group>";
		};
		AE78DC30218F03ED005C2DB1 /* Source */ = {
			isa = PBXGroup;
			children = (
				AE78DC32218F048A005C2DB1 /* Declaration.swift */,
				AE10086A218ED6B6000EE464 /* Tag.swift */,
				AE100862218EBE99000EE464 /* TagCollectionViewCell.swift */,
				AE100864218EC2FA000EE464 /* TagCollectionViewFlowLayout.swift */,
				AE100866218ECBD9000EE464 /* TagCollectionViewCell.xib */,
			);
			path = Source;
			sourceTree = "<group>";
		};
		AE78DC31218F0412005C2DB1 /* Example */ = {
			isa = PBXGroup;
			children = (
				AE100852218EBCCD000EE464 /* ViewController.swift */,
				AE100854218EBCCD000EE464 /* Main.storyboard */,
			);
			path = Example;
			sourceTree = "<group>";
		};
/* End PBXGroup section */

/* Begin PBXNativeTarget section */
		AE10084C218EBCCD000EE464 /* TagStyleCollectionViewDemo */ = {
			isa = PBXNativeTarget;
			buildConfigurationList = AE10085F218EBCCF000EE464 /* Build configuration list for PBXNativeTarget "TagStyleCollectionViewDemo" */;
			buildPhases = (
				AE100849218EBCCD000EE464 /* Sources */,
				AE10084A218EBCCD000EE464 /* Frameworks */,
				AE10084B218EBCCD000EE464 /* Resources */,
			);
			buildRules = (
			);
			dependencies = (
			);
			name = TagStyleCollectionViewDemo;
			productName = TagStyleCollectionViewDemo;
			productReference = AE10084D218EBCCD000EE464 /* TagStyleCollectionViewDemo.app */;
			productType = "com.apple.product-type.application";
		};
/* End PBXNativeTarget section */

/* Begin PBXProject section */
		AE100845218EBCCD000EE464 /* Project object */ = {
			isa = PBXProject;
			attributes = {
				LastSwiftUpdateCheck = 0930;
				LastUpgradeCheck = 0930;
				ORGANIZATIONNAME = Sarthak;
				TargetAttributes = {
					AE10084C218EBCCD000EE464 = {
						CreatedOnToolsVersion = 9.3;
					};
				};
			};
			buildConfigurationList = AE100848218EBCCD000EE464 /* Build configuration list for PBXProject "TagStyleCollectionViewDemo" */;
			compatibilityVersion = "Xcode 9.3";
			developmentRegion = en;
			hasScannedForEncodings = 0;
			knownRegions = (
				en,
				Base,
			);
			mainGroup = AE100844218EBCCD000EE464;
			productRefGroup = AE10084E218EBCCD000EE464 /* Products */;
			projectDirPath = "";
			projectRoot = "";
			targets = (
				AE10084C218EBCCD000EE464 /* TagStyleCollectionViewDemo */,
			);
		};
/* End PBXProject section */

/* Begin PBXResourcesBuildPhase section */
		AE10084B218EBCCD000EE464 /* Resources */ = {
			isa = PBXResourcesBuildPhase;
			buildActionMask = 2147483647;
			files = (
				AE10085B218EBCCF000EE464 /* LaunchScreen.storyboard in Resources */,
				AE100867218ECBD9000EE464 /* TagCollectionViewCell.xib in Resources */,
				AE100858218EBCCF000EE464 /* Assets.xcassets in Resources */,
				AE100856218EBCCD000EE464 /* Main.storyboard in Resources */,
			);
			runOnlyForDeploymentPostprocessing = 0;
		};
/* End PBXResourcesBuildPhase section */

/* Begin PBXSourcesBuildPhase section */
		AE100849218EBCCD000EE464 /* Sources */ = {
			isa = PBXSourcesBuildPhase;
			buildActionMask = 2147483647;
			files = (
				AE100863218EBE99000EE464 /* TagCollectionViewCell.swift in Sources */,
				AE100853218EBCCD000EE464 /* ViewController.swift in Sources */,
				AE78DC33218F048A005C2DB1 /* Declaration.swift in Sources */,
				AE10086B218ED6B6000EE464 /* Tag.swift in Sources */,
				AE100851218EBCCD000EE464 /* AppDelegate.swift in Sources */,
				AE100865218EC2FA000EE464 /* TagCollectionViewFlowLayout.swift in Sources */,
			);
			runOnlyForDeploymentPostprocessing = 0;
		};
/* End PBXSourcesBuildPhase section */

/* Begin PBXVariantGroup section */
		AE100854218EBCCD000EE464 /* Main.storyboard */ = {
			isa = PBXVariantGroup;
			children = (
				AE100855218EBCCD000EE464 /* Base */,
			);
			name = Main.storyboard;
			sourceTree = "<group>";
		};
		AE100859218EBCCF000EE464 /* LaunchScreen.storyboard */ = {
			isa = PBXVariantGroup;
			children = (
				AE10085A218EBCCF000EE464 /* Base */,
			);
			name = LaunchScreen.storyboard;
			sourceTree = "<group>";
		};
/* End PBXVariantGroup section */

/* Begin XCBuildConfiguration section */
		AE10085D218EBCCF000EE464 /* Debug */ = {
			isa = XCBuildConfiguration;
			buildSettings = {
				ALWAYS_SEARCH_USER_PATHS = NO;
				CLANG_ANALYZER_NONNULL = YES;
				CLANG_ANALYZER_NUMBER_OBJECT_CONVERSION = YES_AGGRESSIVE;
				CLANG_CXX_LANGUAGE_STANDARD = "gnu++14";
				CLANG_CXX_LIBRARY = "libc++";
				CLANG_ENABLE_MODULES = YES;
				CLANG_ENABLE_OBJC_ARC = YES;
				CLANG_ENABLE_OBJC_WEAK = YES;
				CLANG_WARN_BLOCK_CAPTURE_AUTORELEASING = YES;
				CLANG_WARN_BOOL_CONVERSION = YES;
				CLANG_WARN_COMMA = YES;
				CLANG_WARN_CONSTANT_CONVERSION = YES;
				CLANG_WARN_DEPRECATED_OBJC_IMPLEMENTATIONS = YES;
				CLANG_WARN_DIRECT_OBJC_ISA_USAGE = YES_ERROR;
				CLANG_WARN_DOCUMENTATION_COMMENTS = YES;
				CLANG_WARN_EMPTY_BODY = YES;
				CLANG_WARN_ENUM_CONVERSION = YES;
				CLANG_WARN_INFINITE_RECURSION = YES;
				CLANG_WARN_INT_CONVERSION = YES;
				CLANG_WARN_NON_LITERAL_NULL_CONVERSION = YES;
				CLANG_WARN_OBJC_IMPLICIT_RETAIN_SELF = YES;
				CLANG_WARN_OBJC_LITERAL_CONVERSION = YES;
				CLANG_WARN_OBJC_ROOT_CLASS = YES_ERROR;
				CLANG_WARN_RANGE_LOOP_ANALYSIS = YES;
				CLANG_WARN_STRICT_PROTOTYPES = YES;
				CLANG_WARN_SUSPICIOUS_MOVE = YES;
				CLANG_WARN_UNGUARDED_AVAILABILITY = YES_AGGRESSIVE;
				CLANG_WARN_UNREACHABLE_CODE = YES;
				CLANG_WARN__DUPLICATE_METHOD_MATCH = YES;
				CODE_SIGN_IDENTITY = "iPhone Developer";
				COPY_PHASE_STRIP = NO;
				DEBUG_INFORMATION_FORMAT = dwarf;
				ENABLE_STRICT_OBJC_MSGSEND = YES;
				ENABLE_TESTABILITY = YES;
				GCC_C_LANGUAGE_STANDARD = gnu11;
				GCC_DYNAMIC_NO_PIC = NO;
				GCC_NO_COMMON_BLOCKS = YES;
				GCC_OPTIMIZATION_LEVEL = 0;
				GCC_PREPROCESSOR_DEFINITIONS = (
					"DEBUG=1",
					"$(inherited)",
				);
				GCC_WARN_64_TO_32_BIT_CONVERSION = YES;
				GCC_WARN_ABOUT_RETURN_TYPE = YES_ERROR;
				GCC_WARN_UNDECLARED_SELECTOR = YES;
				GCC_WARN_UNINITIALIZED_AUTOS = YES_AGGRESSIVE;
				GCC_WARN_UNUSED_FUNCTION = YES;
				GCC_WARN_UNUSED_VARIABLE = YES;
				IPHONEOS_DEPLOYMENT_TARGET = 11.3;
				MTL_ENABLE_DEBUG_INFO = YES;
				ONLY_ACTIVE_ARCH = YES;
				SDKROOT = iphoneos;
				SWIFT_ACTIVE_COMPILATION_CONDITIONS = DEBUG;
				SWIFT_OPTIMIZATION_LEVEL = "-Onone";
			};
			name = Debug;
		};
		AE10085E218EBCCF000EE464 /* Release */ = {
			isa = XCBuildConfiguration;
			buildSettings = {
				ALWAYS_SEARCH_USER_PATHS = NO;
				CLANG_ANALYZER_NONNULL = YES;
				CLANG_ANALYZER_NUMBER_OBJECT_CONVERSION = YES_AGGRESSIVE;
				CLANG_CXX_LANGUAGE_STANDARD = "gnu++14";
				CLANG_CXX_LIBRARY = "libc++";
				CLANG_ENABLE_MODULES = YES;
				CLANG_ENABLE_OBJC_ARC = YES;
				CLANG_ENABLE_OBJC_WEAK = YES;
				CLANG_WARN_BLOCK_CAPTURE_AUTORELEASING = YES;
				CLANG_WARN_BOOL_CONVERSION = YES;
				CLANG_WARN_COMMA = YES;
				CLANG_WARN_CONSTANT_CONVERSION = YES;
				CLANG_WARN_DEPRECATED_OBJC_IMPLEMENTATIONS = YES;
				CLANG_WARN_DIRECT_OBJC_ISA_USAGE = YES_ERROR;
				CLANG_WARN_DOCUMENTATION_COMMENTS = YES;
				CLANG_WARN_EMPTY_BODY = YES;
				CLANG_WARN_ENUM_CONVERSION = YES;
				CLANG_WARN_INFINITE_RECURSION = YES;
				CLANG_WARN_INT_CONVERSION = YES;
				CLANG_WARN_NON_LITERAL_NULL_CONVERSION = YES;
				CLANG_WARN_OBJC_IMPLICIT_RETAIN_SELF = YES;
				CLANG_WARN_OBJC_LITERAL_CONVERSION = YES;
				CLANG_WARN_OBJC_ROOT_CLASS = YES_ERROR;
				CLANG_WARN_RANGE_LOOP_ANALYSIS = YES;
				CLANG_WARN_STRICT_PROTOTYPES = YES;
				CLANG_WARN_SUSPICIOUS_MOVE = YES;
				CLANG_WARN_UNGUARDED_AVAILABILITY = YES_AGGRESSIVE;
				CLANG_WARN_UNREACHABLE_CODE = YES;
				CLANG_WARN__DUPLICATE_METHOD_MATCH = YES;
				CODE_SIGN_IDENTITY = "iPhone Developer";
				COPY_PHASE_STRIP = NO;
				DEBUG_INFORMATION_FORMAT = "dwarf-with-dsym";
				ENABLE_NS_ASSERTIONS = NO;
				ENABLE_STRICT_OBJC_MSGSEND = YES;
				GCC_C_LANGUAGE_STANDARD = gnu11;
				GCC_NO_COMMON_BLOCKS = YES;
				GCC_WARN_64_TO_32_BIT_CONVERSION = YES;
				GCC_WARN_ABOUT_RETURN_TYPE = YES_ERROR;
				GCC_WARN_UNDECLARED_SELECTOR = YES;
				GCC_WARN_UNINITIALIZED_AUTOS = YES_AGGRESSIVE;
				GCC_WARN_UNUSED_FUNCTION = YES;
				GCC_WARN_UNUSED_VARIABLE = YES;
				IPHONEOS_DEPLOYMENT_TARGET = 11.3;
				MTL_ENABLE_DEBUG_INFO = NO;
				SDKROOT = iphoneos;
				SWIFT_COMPILATION_MODE = wholemodule;
				SWIFT_OPTIMIZATION_LEVEL = "-O";
				VALIDATE_PRODUCT = YES;
			};
			name = Release;
		};
		AE100860218EBCCF000EE464 /* Debug */ = {
			isa = XCBuildConfiguration;
			buildSettings = {
				ASSETCATALOG_COMPILER_APPICON_NAME = AppIcon;
				CODE_SIGN_STYLE = Manual;
				DEVELOPMENT_TEAM = "";
				INFOPLIST_FILE = TagStyleCollectionViewDemo/Info.plist;
				LD_RUNPATH_SEARCH_PATHS = (
					"$(inherited)",
					"@executable_path/Frameworks",
				);
				PRODUCT_BUNDLE_IDENTIFIER = com.sarthak.TagStyleCollectionViewDemo;
				PRODUCT_NAME = "$(TARGET_NAME)";
				PROVISIONING_PROFILE_SPECIFIER = "";
				SWIFT_VERSION = 4.0;
				TARGETED_DEVICE_FAMILY = "1,2";
			};
			name = Debug;
		};
		AE100861218EBCCF000EE464 /* Release */ = {
			isa = XCBuildConfiguration;
			buildSettings = {
				ASSETCATALOG_COMPILER_APPICON_NAME = AppIcon;
				CODE_SIGN_STYLE = Manual;
				DEVELOPMENT_TEAM = "";
				INFOPLIST_FILE = TagStyleCollectionViewDemo/Info.plist;
				LD_RUNPATH_SEARCH_PATHS = (
					"$(inherited)",
					"@executable_path/Frameworks",
				);
				PRODUCT_BUNDLE_IDENTIFIER = com.sarthak.TagStyleCollectionViewDemo;
				PRODUCT_NAME = "$(TARGET_NAME)";
				PROVISIONING_PROFILE_SPECIFIER = "";
				SWIFT_VERSION = 4.0;
				TARGETED_DEVICE_FAMILY = "1,2";
			};
			name = Release;
		};
/* End XCBuildConfiguration section */

/* Begin XCConfigurationList section */
		AE100848218EBCCD000EE464 /* Build configuration list for PBXProject "TagStyleCollectionViewDemo" */ = {
			isa = XCConfigurationList;
			buildConfigurations = (
				AE10085D218EBCCF000EE464 /* Debug */,
				AE10085E218EBCCF000EE464 /* Release */,
			);
			defaultConfigurationIsVisible = 0;
			defaultConfigurationName = Release;
		};
		AE10085F218EBCCF000EE464 /* Build configuration list for PBXNativeTarget "TagStyleCollectionViewDemo" */ = {
			isa = XCConfigurationList;
			buildConfigurations = (
				AE100860218EBCCF000EE464 /* Debug */,
				AE100861218EBCCF000EE464 /* Release */,
			);
			defaultConfigurationIsVisible = 0;
			defaultConfigurationName = Release;
		};
/* End XCConfigurationList section */
	};
	rootObject = AE100845218EBCCD000EE464 /* Project object */;
}
